
Microsoft Visual Studio Solution File, Format Version 12.00
# Visual Studio Version 17
VisualStudioVersion = 17.8.34330.188
MinimumVisualStudioVersion = 10.0.40219.1
Project("{FAE04EC0-301F-11D3-BF4B-00C04F79EFBC}") = "GestaoCampeonatoFutebol", "GestaoCampeonatoFutebol\GestaoCampeonatoFutebol.csproj", "{8A2499D8-60AC-4C35-A646-4EACB6779F2C}"
EndProject
Global
	GlobalSection(SolutionConfigurationPlatforms) = preSolution
		Debug|Any CPU = Debug|Any CPU
		Release|Any CPU = Release|Any CPU
	EndGlobalSection
	GlobalSection(ProjectConfigurationPlatforms) = postSolution
		{8A2499D8-60AC-4C35-A646-4EACB6779F2C}.Debug|Any CPU.ActiveCfg = Debug|Any CPU
		{8A2499D8-60AC-4C35-A646-4EACB6779F2C}.Debug|Any CPU.Build.0 = Debug|Any CPU
		{8A2499D8-60AC-4C35-A646-4EACB6779F2C}.Release|Any CPU.ActiveCfg = Release|Any CPU
		{8A2499D8-60AC-4C35-A646-4EACB6779F2C}.Release|Any CPU.Build.0 = Release|Any CPU
	EndGlobalSection
	GlobalSection(SolutionProperties) = preSolution
		HideSolutionNode = FALSE
	EndGlobalSection
	GlobalSection(ExtensibilityGlobals) = postSolution
		SolutionGuid = {E9D4AD15-22AC-4F56-8F8E-FE7130640344}
	EndGlobalSection
EndGlobal
